// !$*UTF8*$!
{
	archiveVersion = 1;
	classes = {
	};
	objectVersion = 42;
	objects = {

/* Begin PBXAggregateTarget section */
		53DF6901067E5B8E0090B5B0 /* All */ = {
			isa = PBXAggregateTarget;
			buildConfigurationList = C056398708A954F8003078D8 /* Build configuration list for PBXAggregateTarget "All" */;
			buildPhases = (
			);
			dependencies = (
				53DF6905067E5B930090B5B0 /* PBXTargetDependency */,
			);
			name = All;
			productName = All;
		};
/* End PBXAggregateTarget section */

/* Begin PBXBuildFile section */
		13F8B89007B43554008AE28D /* Cocoa.framework in Frameworks */ = {isa = PBXBuildFile; fileRef = DD92D38A0106425D02CA0E72 /* Cocoa.framework */; };
		523897F415BDA9AC00498A53 /* TabClose_Front_Pressed@2x.png in Resources */ = {isa = PBXBuildFile; fileRef = 523897EE15BDA9AC00498A53 /* TabClose_Front_Pressed@2x.png */; };
		523897F515BDA9AC00498A53 /* TabClose_Front_Rollover@2x.png in Resources */ = {isa = PBXBuildFile; fileRef = 523897EF15BDA9AC00498A53 /* TabClose_Front_Rollover@2x.png */; };
		523897F615BDA9AC00498A53 /* TabClose_Front@2x.png in Resources */ = {isa = PBXBuildFile; fileRef = 523897F015BDA9AC00498A53 /* TabClose_Front@2x.png */; };
		523897F715BDA9AC00498A53 /* TabNewMetal@2x.png in Resources */ = {isa = PBXBuildFile; fileRef = 523897F115BDA9AC00498A53 /* TabNewMetal@2x.png */; };
		523897F815BDA9AC00498A53 /* TabNewMetalPressed@2x.png in Resources */ = {isa = PBXBuildFile; fileRef = 523897F215BDA9AC00498A53 /* TabNewMetalPressed@2x.png */; };
		523897F915BDA9AC00498A53 /* TabNewMetalRollover@2x.png in Resources */ = {isa = PBXBuildFile; fileRef = 523897F315BDA9AC00498A53 /* TabNewMetalRollover@2x.png */; };
		52A57C0F15BBA230003EC59C /* TabClose_Front.png in Resources */ = {isa = PBXBuildFile; fileRef = 52A57C0C15BBA230003EC59C /* TabClose_Front.png */; };
		52A57C1015BBA230003EC59C /* TabClose_Front_Pressed.png in Resources */ = {isa = PBXBuildFile; fileRef = 52A57C0D15BBA230003EC59C /* TabClose_Front_Pressed.png */; };
		52A57C1115BBA230003EC59C /* TabClose_Front_Rollover.png in Resources */ = {isa = PBXBuildFile; fileRef = 52A57C0E15BBA230003EC59C /* TabClose_Front_Rollover.png */; };
		52C0B9B415BDB7A9000C268F /* overflowImage@2x.png in Resources */ = {isa = PBXBuildFile; fileRef = 52C0B9B215BDB7A9000C268F /* overflowImage@2x.png */; };
		52C0B9B515BDB7A9000C268F /* overflowImagePressed@2x.png in Resources */ = {isa = PBXBuildFile; fileRef = 52C0B9B315BDB7A9000C268F /* overflowImagePressed@2x.png */; };
		52C268D015BDB72B0012FECA /* overflowImage.png in Resources */ = {isa = PBXBuildFile; fileRef = 52C268CE15BDB72B0012FECA /* overflowImage.png */; };
		52C268D115BDB72B0012FECA /* overflowImagePressed.png in Resources */ = {isa = PBXBuildFile; fileRef = 52C268CF15BDB72B0012FECA /* overflowImagePressed.png */; };
		546DEAF1067F63070098DCC4 /* PSMTabBarControl.m in Sources */ = {isa = PBXBuildFile; fileRef = 0259C576FE90428111CA0C5A /* PSMTabBarControl.m */; };
		546DEAF2067F630E0098DCC4 /* PSMTabBarControl.h in Headers */ = {isa = PBXBuildFile; fileRef = 0259C57AFE90428111CA0C5A /* PSMTabBarControl.h */; settings = {ATTRIBUTES = (Public, ); }; };
		A2082A9009EAEB34009AC8BE /* PSMTabDragAssistant.h in Headers */ = {isa = PBXBuildFile; fileRef = A2082A8D09EAEB33009AC8BE /* PSMTabDragAssistant.h */; };
		A2082A9109EAEB34009AC8BE /* PSMTabDragAssistant.m in Sources */ = {isa = PBXBuildFile; fileRef = A2082A8E09EAEB33009AC8BE /* PSMTabDragAssistant.m */; };
		A2129BB209AEB58F00724E6C /* PSMProgressIndicator.h in Headers */ = {isa = PBXBuildFile; fileRef = A2129BAF09AEB58F00724E6C /* PSMProgressIndicator.h */; };
		A2129BB309AEB58F00724E6C /* PSMProgressIndicator.m in Sources */ = {isa = PBXBuildFile; fileRef = A2129BB009AEB58F00724E6C /* PSMProgressIndicator.m */; };
		A251BE850959A1B90058BC7F /* PSMOverflowPopUpButton.h in Headers */ = {isa = PBXBuildFile; fileRef = A251BE810959A1B90058BC7F /* PSMOverflowPopUpButton.h */; };
		A251BE860959A1B90058BC7F /* PSMOverflowPopUpButton.m in Sources */ = {isa = PBXBuildFile; fileRef = A251BE820959A1B90058BC7F /* PSMOverflowPopUpButton.m */; };
		A251BE870959A1B90058BC7F /* PSMTabBarCell.h in Headers */ = {isa = PBXBuildFile; fileRef = A251BE830959A1B90058BC7F /* PSMTabBarCell.h */; };
		A251BE880959A1B90058BC7F /* PSMTabBarCell.m in Sources */ = {isa = PBXBuildFile; fileRef = A251BE840959A1B90058BC7F /* PSMTabBarCell.m */; };
		A268E80409A9822A00E082AA /* AquaTabNew.png in Resources */ = {isa = PBXBuildFile; fileRef = A268E7F809A9822900E082AA /* AquaTabNew.png */; };
		A268E80509A9822A00E082AA /* AquaTabNewPressed.png in Resources */ = {isa = PBXBuildFile; fileRef = A268E7F909A9822900E082AA /* AquaTabNewPressed.png */; };
		A268E80609A9822A00E082AA /* AquaTabNewRollover.png in Resources */ = {isa = PBXBuildFile; fileRef = A268E7FA09A9822900E082AA /* AquaTabNewRollover.png */; };
		A268E80709A9822A00E082AA /* TabNewMetal.png in Resources */ = {isa = PBXBuildFile; fileRef = A268E7FB09A9822900E082AA /* TabNewMetal.png */; };
		A268E80809A9822A00E082AA /* TabNewMetalPressed.png in Resources */ = {isa = PBXBuildFile; fileRef = A268E7FC09A9822900E082AA /* TabNewMetalPressed.png */; };
		A268E80909A9822A00E082AA /* TabNewMetalRollover.png in Resources */ = {isa = PBXBuildFile; fileRef = A268E7FD09A9822900E082AA /* TabNewMetalRollover.png */; };
		A268EA6209A9831800E082AA /* PSMRolloverButton.h in Headers */ = {isa = PBXBuildFile; fileRef = A268EA5F09A9831800E082AA /* PSMRolloverButton.h */; };
		A268EA6309A9831800E082AA /* PSMRolloverButton.m in Sources */ = {isa = PBXBuildFile; fileRef = A268EA6009A9831800E082AA /* PSMRolloverButton.m */; };
		A27E47850A28EE76007BA395 /* TabIcon.tif in Resources */ = {isa = PBXBuildFile; fileRef = A20822F00959F6AA00C5F5A4 /* TabIcon.tif */; };
		A27E47880A28EE7C007BA395 /* TabControlRep.tif in Resources */ = {isa = PBXBuildFile; fileRef = A20822EF0959F6AA00C5F5A4 /* TabControlRep.tif */; };
		A2C0D99509AF870000ED379C /* pi.png in Resources */ = {isa = PBXBuildFile; fileRef = A2C0D99309AF870000ED379C /* pi.png */; };
		A2D32EDC09A634C900EC8662 /* PSMTabStyle.h in Headers */ = {isa = PBXBuildFile; fileRef = A2D32EDA09A634C900EC8662 /* PSMTabStyle.h */; };
		A2D32EE809A6399300EC8662 /* PSMAquaTabStyle.h in Headers */ = {isa = PBXBuildFile; fileRef = A2D32EE609A6399300EC8662 /* PSMAquaTabStyle.h */; };
		A2D32EE909A6399300EC8662 /* PSMAquaTabStyle.m in Sources */ = {isa = PBXBuildFile; fileRef = A2D32EE709A6399300EC8662 /* PSMAquaTabStyle.m */; };
		A2D32EF709A63BF700EC8662 /* AquaTabClose_Front_Pressed.tif in Resources */ = {isa = PBXBuildFile; fileRef = A2D32EF009A63BF700EC8662 /* AquaTabClose_Front_Pressed.tif */; };
		A2D32EF809A63BF700EC8662 /* AquaTabClose_Front_Rollover.tif in Resources */ = {isa = PBXBuildFile; fileRef = A2D32EF109A63BF700EC8662 /* AquaTabClose_Front_Rollover.tif */; };
		A2D32EF909A63BF700EC8662 /* AquaTabClose_Front.tif in Resources */ = {isa = PBXBuildFile; fileRef = A2D32EF209A63BF700EC8662 /* AquaTabClose_Front.tif */; };
		A2D32EFA09A63BF700EC8662 /* AquaTabsBackground.png in Resources */ = {isa = PBXBuildFile; fileRef = A2D32EF309A63BF700EC8662 /* AquaTabsBackground.png */; };
		A2D32EFB09A63BF700EC8662 /* AquaTabsDown.png in Resources */ = {isa = PBXBuildFile; fileRef = A2D32EF409A63BF700EC8662 /* AquaTabsDown.png */; };
		A2D32EFC09A63BF700EC8662 /* AquaTabsSeparator.png in Resources */ = {isa = PBXBuildFile; fileRef = A2D32EF509A63BF700EC8662 /* AquaTabsSeparator.png */; };
		A2D32EFD09A63BF700EC8662 /* AquaTabsSeparatorDown.png in Resources */ = {isa = PBXBuildFile; fileRef = A2D32EF609A63BF700EC8662 /* AquaTabsSeparatorDown.png */; };
		A2D32F0009A63D7A00EC8662 /* PSMMetalTabStyle.h in Headers */ = {isa = PBXBuildFile; fileRef = A2D32EFE09A63D7A00EC8662 /* PSMMetalTabStyle.h */; };
		A2D32F0109A63D7A00EC8662 /* PSMMetalTabStyle.m in Sources */ = {isa = PBXBuildFile; fileRef = A2D32EFF09A63D7A00EC8662 /* PSMMetalTabStyle.m */; };
		A2D3317C09A68B7500EC8662 /* AquaTabsDownGraphite.png in Resources */ = {isa = PBXBuildFile; fileRef = A2D3317A09A68B7500EC8662 /* AquaTabsDownGraphite.png */; };
		A2D3317D09A68B7500EC8662 /* AquaTabsDownNonKey.png in Resources */ = {isa = PBXBuildFile; fileRef = A2D3317B09A68B7500EC8662 /* AquaTabsDownNonKey.png */; };
		A2D98B0A0A2B432C0064C6F8 /* PSMUnifiedTabStyle.h in Headers */ = {isa = PBXBuildFile; fileRef = A2D98B070A2B432C0064C6F8 /* PSMUnifiedTabStyle.h */; };
		A2D98B0B0A2B432C0064C6F8 /* PSMUnifiedTabStyle.m in Sources */ = {isa = PBXBuildFile; fileRef = A2D98B080A2B432C0064C6F8 /* PSMUnifiedTabStyle.m */; };
		A2D98B120A2B43FA0064C6F8 /* NSBezierPath_AMShading.h in Headers */ = {isa = PBXBuildFile; fileRef = A2D98B0F0A2B43FA0064C6F8 /* NSBezierPath_AMShading.h */; };
		A2D98B130A2B43FA0064C6F8 /* NSBezierPath_AMShading.m in Sources */ = {isa = PBXBuildFile; fileRef = A2D98B100A2B43FA0064C6F8 /* NSBezierPath_AMShading.m */; };
/* End PBXBuildFile section */

/* Begin PBXContainerItemProxy section */
		53DF6904067E5B930090B5B0 /* PBXContainerItemProxy */ = {
			isa = PBXContainerItemProxy;
			containerPortal = 0259C573FE90428111CA0C5A /* Project object */;
			proxyType = 1;
			remoteGlobalIDString = 53DF68FC067E5B5A0090B5B0;
			remoteInfo = PSMTabBarControlFramework;
		};
/* End PBXContainerItemProxy section */

/* Begin PBXFileReference section */
		0259C576FE90428111CA0C5A /* PSMTabBarControl.m */ = {isa = PBXFileReference; fileEncoding = 30; lastKnownFileType = sourcecode.c.objc; name = PSMTabBarControl.m; path = source/PSMTabBarControl.m; sourceTree = "<group>"; };
		0259C577FE90428111CA0C5A /* PSMTabBarControlInspector.m */ = {isa = PBXFileReference; fileEncoding = 30; lastKnownFileType = sourcecode.c.objc; name = PSMTabBarControlInspector.m; path = source/PSMTabBarControlInspector.m; sourceTree = "<group>"; };
		0259C578FE90428111CA0C5A /* PSMTabBarControlPalette.m */ = {isa = PBXFileReference; fileEncoding = 30; lastKnownFileType = sourcecode.c.objc; name = PSMTabBarControlPalette.m; path = source/PSMTabBarControlPalette.m; sourceTree = "<group>"; };
		0259C57AFE90428111CA0C5A /* PSMTabBarControl.h */ = {isa = PBXFileReference; fileEncoding = 30; lastKnownFileType = sourcecode.c.h; name = PSMTabBarControl.h; path = source/PSMTabBarControl.h; sourceTree = "<group>"; };
		0259C57BFE90428111CA0C5A /* PSMTabBarControlInspector.h */ = {isa = PBXFileReference; fileEncoding = 30; lastKnownFileType = sourcecode.c.h; name = PSMTabBarControlInspector.h; path = source/PSMTabBarControlInspector.h; sourceTree = "<group>"; };
		0259C57CFE90428111CA0C5A /* PSMTabBarControlPalette.h */ = {isa = PBXFileReference; fileEncoding = 30; lastKnownFileType = sourcecode.c.h; name = PSMTabBarControlPalette.h; path = source/PSMTabBarControlPalette.h; sourceTree = "<group>"; };
		0259C57FFE90428111CA0C5A /* English */ = {isa = PBXFileReference; lastKnownFileType = wrapper.nib; name = English; path = English.lproj/PSMTabBarControlInspector.nib; sourceTree = "<group>"; };
		0259C581FE90428111CA0C5A /* English */ = {isa = PBXFileReference; lastKnownFileType = wrapper.nib; name = English; path = English.lproj/PSMTabBarControlPalette.nib; sourceTree = "<group>"; };
		0259C583FE90428111CA0C5A /* palette.table */ = {isa = PBXFileReference; fileEncoding = 4; lastKnownFileType = text.xml; path = palette.table; sourceTree = "<group>"; };
		13EB9DBD07DE0F1E00EB933A /* InterfaceBuilder.framework */ = {isa = PBXFileReference; lastKnownFileType = wrapper.framework; name = InterfaceBuilder.framework; path = /System/Library/Frameworks/InterfaceBuilder.framework; sourceTree = "<absolute>"; };
		13F8B88807B434F6008AE28D /* AppKit.framework */ = {isa = PBXFileReference; lastKnownFileType = wrapper.framework; name = AppKit.framework; path = /System/Library/Frameworks/AppKit.framework; sourceTree = "<absolute>"; };
		13F8B88A07B434F6008AE28D /* Foundation.framework */ = {isa = PBXFileReference; lastKnownFileType = wrapper.framework; name = Foundation.framework; path = /System/Library/Frameworks/Foundation.framework; sourceTree = "<absolute>"; };
		32DBCF980370C29C00C91783 /* PSMTabBarControl_Prefix.pch */ = {isa = PBXFileReference; fileEncoding = 4; lastKnownFileType = sourcecode.c.h; name = PSMTabBarControl_Prefix.pch; path = source/PSMTabBarControl_Prefix.pch; sourceTree = "<group>"; };
		523897EE15BDA9AC00498A53 /* TabClose_Front_Pressed@2x.png */ = {isa = PBXFileReference; lastKnownFileType = image.png; name = "TabClose_Front_Pressed@2x.png"; path = "images/TabClose_Front_Pressed@2x.png"; sourceTree = "<group>"; };
		523897EF15BDA9AC00498A53 /* TabClose_Front_Rollover@2x.png */ = {isa = PBXFileReference; lastKnownFileType = image.png; name = "TabClose_Front_Rollover@2x.png"; path = "images/TabClose_Front_Rollover@2x.png"; sourceTree = "<group>"; };
		523897F015BDA9AC00498A53 /* TabClose_Front@2x.png */ = {isa = PBXFileReference; lastKnownFileType = image.png; name = "TabClose_Front@2x.png"; path = "images/TabClose_Front@2x.png"; sourceTree = "<group>"; };
		523897F115BDA9AC00498A53 /* TabNewMetal@2x.png */ = {isa = PBXFileReference; lastKnownFileType = image.png; name = "TabNewMetal@2x.png"; path = "images/TabNewMetal@2x.png"; sourceTree = "<group>"; };
		523897F215BDA9AC00498A53 /* TabNewMetalPressed@2x.png */ = {isa = PBXFileReference; lastKnownFileType = image.png; name = "TabNewMetalPressed@2x.png"; path = "images/TabNewMetalPressed@2x.png"; sourceTree = "<group>"; };
		523897F315BDA9AC00498A53 /* TabNewMetalRollover@2x.png */ = {isa = PBXFileReference; lastKnownFileType = image.png; name = "TabNewMetalRollover@2x.png"; path = "images/TabNewMetalRollover@2x.png"; sourceTree = "<group>"; };
		52A57C0C15BBA230003EC59C /* TabClose_Front.png */ = {isa = PBXFileReference; lastKnownFileType = image.png; name = TabClose_Front.png; path = images/TabClose_Front.png; sourceTree = "<group>"; };
		52A57C0D15BBA230003EC59C /* TabClose_Front_Pressed.png */ = {isa = PBXFileReference; lastKnownFileType = image.png; name = TabClose_Front_Pressed.png; path = images/TabClose_Front_Pressed.png; sourceTree = "<group>"; };
		52A57C0E15BBA230003EC59C /* TabClose_Front_Rollover.png */ = {isa = PBXFileReference; lastKnownFileType = image.png; name = TabClose_Front_Rollover.png; path = images/TabClose_Front_Rollover.png; sourceTree = "<group>"; };
		52C0B9B215BDB7A9000C268F /* overflowImage@2x.png */ = {isa = PBXFileReference; lastKnownFileType = image.png; name = "overflowImage@2x.png"; path = "images/overflowImage@2x.png"; sourceTree = "<group>"; };
		52C0B9B315BDB7A9000C268F /* overflowImagePressed@2x.png */ = {isa = PBXFileReference; lastKnownFileType = image.png; name = "overflowImagePressed@2x.png"; path = "images/overflowImagePressed@2x.png"; sourceTree = "<group>"; };
		52C268CE15BDB72B0012FECA /* overflowImage.png */ = {isa = PBXFileReference; lastKnownFileType = image.png; name = overflowImage.png; path = images/overflowImage.png; sourceTree = "<group>"; };
		52C268CF15BDB72B0012FECA /* overflowImagePressed.png */ = {isa = PBXFileReference; lastKnownFileType = image.png; name = overflowImagePressed.png; path = images/overflowImagePressed.png; sourceTree = "<group>"; };
		53DF68FD067E5B5A0090B5B0 /* PSMTabBarControl.framework */ = {isa = PBXFileReference; explicitFileType = wrapper.framework; includeInIndex = 0; path = PSMTabBarControl.framework; sourceTree = BUILT_PRODUCTS_DIR; };
		53DF68FE067E5B5A0090B5B0 /* PSMTabBarControlFramework-Info.plist */ = {isa = PBXFileReference; lastKnownFileType = text.plist.xml; path = "PSMTabBarControlFramework-Info.plist"; sourceTree = "<group>"; };
		54D33B2806778E3300C9C163 /* PSMTabBarControl.ibclassdescription */ = {isa = PBXFileReference; fileEncoding = 4; lastKnownFileType = text; path = PSMTabBarControl.ibclassdescription; sourceTree = "<group>"; };
		8D1AC9730486D14A00FE50C9 /* Info.plist */ = {isa = PBXFileReference; fileEncoding = 4; lastKnownFileType = text.plist; path = Info.plist; sourceTree = "<group>"; };
		8D1AC97B0486D23100FE50C9 /* English */ = {isa = PBXFileReference; fileEncoding = 10; lastKnownFileType = text.plist.strings; name = English; path = English.lproj/InfoPlist.strings; sourceTree = "<group>"; };
		A2072A2409ABD88600304BCB /* Folder.tif */ = {isa = PBXFileReference; lastKnownFileType = image.tiff; name = Folder.tif; path = images/Folder.tif; sourceTree = "<group>"; };
		A2072A2509ABD88600304BCB /* Globe.tiff */ = {isa = PBXFileReference; lastKnownFileType = image.tiff; name = Globe.tiff; path = images/Globe.tiff; sourceTree = "<group>"; };
		A2072B5C09AC1FA500304BCB /* Warning.png */ = {isa = PBXFileReference; lastKnownFileType = image.png; name = Warning.png; path = images/Warning.png; sourceTree = "<group>"; };
		A20822EF0959F6AA00C5F5A4 /* TabControlRep.tif */ = {isa = PBXFileReference; lastKnownFileType = image.tiff; name = TabControlRep.tif; path = images/TabControlRep.tif; sourceTree = "<group>"; };
		A20822F00959F6AA00C5F5A4 /* TabIcon.tif */ = {isa = PBXFileReference; lastKnownFileType = image.tiff; name = TabIcon.tif; path = images/TabIcon.tif; sourceTree = "<group>"; };
		A2082A8D09EAEB33009AC8BE /* PSMTabDragAssistant.h */ = {isa = PBXFileReference; fileEncoding = 4; lastKnownFileType = sourcecode.c.h; name = PSMTabDragAssistant.h; path = source/PSMTabDragAssistant.h; sourceTree = "<group>"; };
		A2082A8E09EAEB33009AC8BE /* PSMTabDragAssistant.m */ = {isa = PBXFileReference; fileEncoding = 4; lastKnownFileType = sourcecode.c.objc; name = PSMTabDragAssistant.m; path = source/PSMTabDragAssistant.m; sourceTree = "<group>"; wrapsLines = 0; };
		A2129BAF09AEB58F00724E6C /* PSMProgressIndicator.h */ = {isa = PBXFileReference; fileEncoding = 4; lastKnownFileType = sourcecode.c.h; name = PSMProgressIndicator.h; path = source/PSMProgressIndicator.h; sourceTree = "<group>"; };
		A2129BB009AEB58F00724E6C /* PSMProgressIndicator.m */ = {isa = PBXFileReference; fileEncoding = 4; lastKnownFileType = sourcecode.c.objc; name = PSMProgressIndicator.m; path = source/PSMProgressIndicator.m; sourceTree = "<group>"; };
		A246FB040A2BD6F9005BDF7B /* PSMTabBarControlDoc.html */ = {isa = PBXFileReference; fileEncoding = 30; lastKnownFileType = text.html.documentation; name = PSMTabBarControlDoc.html; path = documentation/PSMTabBarControlDoc.html; sourceTree = "<group>"; };
		A251BE810959A1B90058BC7F /* PSMOverflowPopUpButton.h */ = {isa = PBXFileReference; explicitFileType = sourcecode.c.h; fileEncoding = 30; name = PSMOverflowPopUpButton.h; path = source/PSMOverflowPopUpButton.h; sourceTree = "<group>"; };
		A251BE820959A1B90058BC7F /* PSMOverflowPopUpButton.m */ = {isa = PBXFileReference; fileEncoding = 30; lastKnownFileType = sourcecode.c.objc; name = PSMOverflowPopUpButton.m; path = source/PSMOverflowPopUpButton.m; sourceTree = "<group>"; };
		A251BE830959A1B90058BC7F /* PSMTabBarCell.h */ = {isa = PBXFileReference; fileEncoding = 30; lastKnownFileType = sourcecode.c.h; name = PSMTabBarCell.h; path = source/PSMTabBarCell.h; sourceTree = "<group>"; };
		A251BE840959A1B90058BC7F /* PSMTabBarCell.m */ = {isa = PBXFileReference; fileEncoding = 30; lastKnownFileType = sourcecode.c.objc; name = PSMTabBarCell.m; path = source/PSMTabBarCell.m; sourceTree = "<group>"; };
		A251BE890959A1EA0058BC7F /* AppController.h */ = {isa = PBXFileReference; fileEncoding = 30; lastKnownFileType = sourcecode.c.h; name = AppController.h; path = source/AppController.h; sourceTree = "<group>"; };
		A251BE8A0959A1EA0058BC7F /* AppController.m */ = {isa = PBXFileReference; fileEncoding = 30; lastKnownFileType = sourcecode.c.objc; name = AppController.m; path = source/AppController.m; sourceTree = "<group>"; };
		A251BE8B0959A1EA0058BC7F /* FakeModel.h */ = {isa = PBXFileReference; fileEncoding = 30; lastKnownFileType = sourcecode.c.h; name = FakeModel.h; path = source/FakeModel.h; sourceTree = "<group>"; };
		A251BE8C0959A1EA0058BC7F /* FakeModel.m */ = {isa = PBXFileReference; fileEncoding = 30; lastKnownFileType = sourcecode.c.objc; name = FakeModel.m; path = source/FakeModel.m; sourceTree = "<group>"; };
		A251BE8D0959A1EA0058BC7F /* main.m */ = {isa = PBXFileReference; fileEncoding = 30; lastKnownFileType = sourcecode.c.objc; name = main.m; path = source/main.m; sourceTree = "<group>"; };
		A251BE8F0959A23A0058BC7F /* 32x32cancel.png */ = {isa = PBXFileReference; lastKnownFileType = image.png; name = 32x32cancel.png; path = images/32x32cancel.png; sourceTree = "<group>"; };
		A251BE9B0959A2530058BC7F /* ReadMe.rtfd */ = {isa = PBXFileReference; lastKnownFileType = wrapper.rtfd; path = ReadMe.rtfd; sourceTree = "<group>"; };
		A251BEA20959BB5B0058BC7F /* TabBarControlDemo-Info.plist */ = {isa = PBXFileReference; lastKnownFileType = text.plist.xml; path = "TabBarControlDemo-Info.plist"; sourceTree = "<group>"; };
		A251BEC30959BC0E0058BC7F /* English */ = {isa = PBXFileReference; lastKnownFileType = wrapper.nib; name = English; path = English.lproj/MainMenu.nib; sourceTree = "<group>"; };
		A268E7F809A9822900E082AA /* AquaTabNew.png */ = {isa = PBXFileReference; lastKnownFileType = image.png; name = AquaTabNew.png; path = images/AquaTabNew.png; sourceTree = "<group>"; };
		A268E7F909A9822900E082AA /* AquaTabNewPressed.png */ = {isa = PBXFileReference; lastKnownFileType = image.png; name = AquaTabNewPressed.png; path = images/AquaTabNewPressed.png; sourceTree = "<group>"; };
		A268E7FA09A9822900E082AA /* AquaTabNewRollover.png */ = {isa = PBXFileReference; lastKnownFileType = image.png; name = AquaTabNewRollover.png; path = images/AquaTabNewRollover.png; sourceTree = "<group>"; };
		A268E7FB09A9822900E082AA /* TabNewMetal.png */ = {isa = PBXFileReference; lastKnownFileType = image.png; name = TabNewMetal.png; path = images/TabNewMetal.png; sourceTree = "<group>"; };
		A268E7FC09A9822900E082AA /* TabNewMetalPressed.png */ = {isa = PBXFileReference; lastKnownFileType = image.png; name = TabNewMetalPressed.png; path = images/TabNewMetalPressed.png; sourceTree = "<group>"; };
		A268E7FD09A9822900E082AA /* TabNewMetalRollover.png */ = {isa = PBXFileReference; lastKnownFileType = image.png; name = TabNewMetalRollover.png; path = images/TabNewMetalRollover.png; sourceTree = "<group>"; };
		A268EA5F09A9831800E082AA /* PSMRolloverButton.h */ = {isa = PBXFileReference; fileEncoding = 30; lastKnownFileType = sourcecode.c.h; name = PSMRolloverButton.h; path = source/PSMRolloverButton.h; sourceTree = "<group>"; };
		A268EA6009A9831800E082AA /* PSMRolloverButton.m */ = {isa = PBXFileReference; fileEncoding = 30; lastKnownFileType = sourcecode.c.objc; name = PSMRolloverButton.m; path = source/PSMRolloverButton.m; sourceTree = "<group>"; };
		A269361009A778770006911E /* 32x32_log.tiff */ = {isa = PBXFileReference; lastKnownFileType = image.tiff; name = 32x32_log.tiff; path = images/32x32_log.tiff; sourceTree = "<group>"; };
		A2A711BA09E5AE1E00D0089B /* English */ = {isa = PBXFileReference; lastKnownFileType = wrapper.nib; name = English; path = English.lproj/Window.nib; sourceTree = "<group>"; };
		A2A711BD09E5BF0500D0089B /* WindowController.h */ = {isa = PBXFileReference; fileEncoding = 4; lastKnownFileType = sourcecode.c.h; name = WindowController.h; path = source/WindowController.h; sourceTree = "<group>"; };
		A2A711BE09E5BF0500D0089B /* WindowController.m */ = {isa = PBXFileReference; fileEncoding = 4; lastKnownFileType = sourcecode.c.objc; name = WindowController.m; path = source/WindowController.m; sourceTree = "<group>"; };
		A2C0D99309AF870000ED379C /* pi.png */ = {isa = PBXFileReference; lastKnownFileType = image.png; name = pi.png; path = images/pi.png; sourceTree = "<group>"; };
		A2D32EDA09A634C900EC8662 /* PSMTabStyle.h */ = {isa = PBXFileReference; fileEncoding = 4; lastKnownFileType = sourcecode.c.h; name = PSMTabStyle.h; path = source/PSMTabStyle.h; sourceTree = "<group>"; };
		A2D32EE609A6399300EC8662 /* PSMAquaTabStyle.h */ = {isa = PBXFileReference; fileEncoding = 4; lastKnownFileType = sourcecode.c.h; name = PSMAquaTabStyle.h; path = source/PSMAquaTabStyle.h; sourceTree = "<group>"; };
		A2D32EE709A6399300EC8662 /* PSMAquaTabStyle.m */ = {isa = PBXFileReference; fileEncoding = 4; lastKnownFileType = sourcecode.c.objc; name = PSMAquaTabStyle.m; path = source/PSMAquaTabStyle.m; sourceTree = "<group>"; };
		A2D32EF009A63BF700EC8662 /* AquaTabClose_Front_Pressed.tif */ = {isa = PBXFileReference; lastKnownFileType = image.tiff; name = AquaTabClose_Front_Pressed.tif; path = images/AquaTabClose_Front_Pressed.tif; sourceTree = "<group>"; };
		A2D32EF109A63BF700EC8662 /* AquaTabClose_Front_Rollover.tif */ = {isa = PBXFileReference; lastKnownFileType = image.tiff; name = AquaTabClose_Front_Rollover.tif; path = images/AquaTabClose_Front_Rollover.tif; sourceTree = "<group>"; };
		A2D32EF209A63BF700EC8662 /* AquaTabClose_Front.tif */ = {isa = PBXFileReference; lastKnownFileType = image.tiff; name = AquaTabClose_Front.tif; path = images/AquaTabClose_Front.tif; sourceTree = "<group>"; };
		A2D32EF309A63BF700EC8662 /* AquaTabsBackground.png */ = {isa = PBXFileReference; lastKnownFileType = image.png; name = AquaTabsBackground.png; path = images/AquaTabsBackground.png; sourceTree = "<group>"; };
		A2D32EF409A63BF700EC8662 /* AquaTabsDown.png */ = {isa = PBXFileReference; lastKnownFileType = image.png; name = AquaTabsDown.png; path = images/AquaTabsDown.png; sourceTree = "<group>"; };
		A2D32EF509A63BF700EC8662 /* AquaTabsSeparator.png */ = {isa = PBXFileReference; lastKnownFileType = image.png; name = AquaTabsSeparator.png; path = images/AquaTabsSeparator.png; sourceTree = "<group>"; };
		A2D32EF609A63BF700EC8662 /* AquaTabsSeparatorDown.png */ = {isa = PBXFileReference; lastKnownFileType = image.png; name = AquaTabsSeparatorDown.png; path = images/AquaTabsSeparatorDown.png; sourceTree = "<group>"; };
		A2D32EFE09A63D7A00EC8662 /* PSMMetalTabStyle.h */ = {isa = PBXFileReference; fileEncoding = 4; lastKnownFileType = sourcecode.c.h; name = PSMMetalTabStyle.h; path = source/PSMMetalTabStyle.h; sourceTree = "<group>"; };
		A2D32EFF09A63D7A00EC8662 /* PSMMetalTabStyle.m */ = {isa = PBXFileReference; fileEncoding = 4; lastKnownFileType = sourcecode.c.objc; name = PSMMetalTabStyle.m; path = source/PSMMetalTabStyle.m; sourceTree = "<group>"; };
		A2D3317A09A68B7500EC8662 /* AquaTabsDownGraphite.png */ = {isa = PBXFileReference; lastKnownFileType = image.png; name = AquaTabsDownGraphite.png; path = images/AquaTabsDownGraphite.png; sourceTree = "<group>"; };
		A2D3317B09A68B7500EC8662 /* AquaTabsDownNonKey.png */ = {isa = PBXFileReference; lastKnownFileType = image.png; name = AquaTabsDownNonKey.png; path = images/AquaTabsDownNonKey.png; sourceTree = "<group>"; };
		A2D98B070A2B432C0064C6F8 /* PSMUnifiedTabStyle.h */ = {isa = PBXFileReference; fileEncoding = 30; lastKnownFileType = sourcecode.c.h; name = PSMUnifiedTabStyle.h; path = source/PSMUnifiedTabStyle.h; sourceTree = "<group>"; };
		A2D98B080A2B432C0064C6F8 /* PSMUnifiedTabStyle.m */ = {isa = PBXFileReference; fileEncoding = 30; lastKnownFileType = sourcecode.c.objc; name = PSMUnifiedTabStyle.m; path = source/PSMUnifiedTabStyle.m; sourceTree = "<group>"; };
		A2D98B0F0A2B43FA0064C6F8 /* NSBezierPath_AMShading.h */ = {isa = PBXFileReference; fileEncoding = 30; lastKnownFileType = sourcecode.c.h; name = NSBezierPath_AMShading.h; path = source/NSBezierPath_AMShading.h; sourceTree = "<group>"; };
		A2D98B100A2B43FA0064C6F8 /* NSBezierPath_AMShading.m */ = {isa = PBXFileReference; fileEncoding = 30; lastKnownFileType = sourcecode.c.objc; name = NSBezierPath_AMShading.m; path = source/NSBezierPath_AMShading.m; sourceTree = "<group>"; };
		DD92D38A0106425D02CA0E72 /* Cocoa.framework */ = {isa = PBXFileReference; lastKnownFileType = wrapper.framework; name = Cocoa.framework; path = /System/Library/Frameworks/Cocoa.framework; sourceTree = "<absolute>"; };
/* End PBXFileReference section */

/* Begin PBXFrameworksBuildPhase section */
		53DF68FB067E5B5A0090B5B0 /* Frameworks */ = {
			isa = PBXFrameworksBuildPhase;
			buildActionMask = 2147483647;
			files = (
				13F8B89007B43554008AE28D /* Cocoa.framework in Frameworks */,
			);
			runOnlyForDeploymentPostprocessing = 0;
		};
/* End PBXFrameworksBuildPhase section */

/* Begin PBXGroup section */
		0259C574FE90428111CA0C5A /* PSMTabBarControl */ = {
			isa = PBXGroup;
			children = (
				A251BE9B0959A2530058BC7F /* ReadMe.rtfd */,
				A246FADE0A2BD446005BDF7B /* Documentation */,
				32DBCF9E0370C38000C91783 /* Palette */,
				54D33B2C06778E4400C9C163 /* Framework */,
				A251BE590959A0550058BC7F /* Demo App */,
				0259C582FE90428111CA0C5A /* Resources */,
				1ED78706FE9D4A0611CA0C5A /* Products */,
				2E58F364FFB232C311CA0CBA /* Frameworks */,
			);
			name = PSMTabBarControl;
			sourceTree = "<group>";
		};
		0259C582FE90428111CA0C5A /* Resources */ = {
			isa = PBXGroup;
			children = (
				A251BEC20959BC0E0058BC7F /* MainMenu.nib */,
				A251BE8E0959A21A0058BC7F /* Images */,
				8D1AC9730486D14A00FE50C9 /* Info.plist */,
				53DF68FE067E5B5A0090B5B0 /* PSMTabBarControlFramework-Info.plist */,
				A251BEA20959BB5B0058BC7F /* TabBarControlDemo-Info.plist */,
				8D1AC97F0486D23B00FE50C9 /* InfoPlist.strings */,
				A2A711B909E5AE1E00D0089B /* Window.nib */,
			);
			name = Resources;
			sourceTree = "<group>";
		};
		131E8FE8067F80F40006E0CE /* Resources */ = {
			isa = PBXGroup;
			children = (
				A20822EF0959F6AA00C5F5A4 /* TabControlRep.tif */,
				A20822F00959F6AA00C5F5A4 /* TabIcon.tif */,
				0259C57EFE90428111CA0C5A /* PSMTabBarControlInspector.nib */,
				0259C580FE90428111CA0C5A /* PSMTabBarControlPalette.nib */,
			);
			name = Resources;
			sourceTree = "<group>";
		};
		13F8B6FD07B43410008AE28D /* Linked Frameworks */ = {
			isa = PBXGroup;
			children = (
				13EB9DBD07DE0F1E00EB933A /* InterfaceBuilder.framework */,
				DD92D38A0106425D02CA0E72 /* Cocoa.framework */,
			);
			name = "Linked Frameworks";
			sourceTree = "<group>";
		};
		13F8B70407B43425008AE28D /* Other Frameworks */ = {
			isa = PBXGroup;
			children = (
				13F8B88807B434F6008AE28D /* AppKit.framework */,
				13F8B88A07B434F6008AE28D /* Foundation.framework */,
			);
			name = "Other Frameworks";
			sourceTree = "<group>";
		};
		1ED78706FE9D4A0611CA0C5A /* Products */ = {
			isa = PBXGroup;
			children = (
				53DF68FD067E5B5A0090B5B0 /* PSMTabBarControl.framework */,
			);
			name = Products;
			sourceTree = "<group>";
		};
		2E58F364FFB232C311CA0CBA /* Frameworks */ = {
			isa = PBXGroup;
			children = (
				13F8B6FD07B43410008AE28D /* Linked Frameworks */,
				13F8B70407B43425008AE28D /* Other Frameworks */,
			);
			name = Frameworks;
			sourceTree = "<group>";
		};
		32DBCF9E0370C38000C91783 /* Palette */ = {
			isa = PBXGroup;
			children = (
				54D33B2406778DD400C9C163 /* Undo Support */,
				54D33B2506778DF000C9C163 /* Classes */,
				32DBCF9F0370C38200C91783 /* Other Sources */,
				131E8FE8067F80F40006E0CE /* Resources */,
				0259C583FE90428111CA0C5A /* palette.table */,
			);
			name = Palette;
			sourceTree = "<group>";
		};
		32DBCF9F0370C38200C91783 /* Other Sources */ = {
			isa = PBXGroup;
			children = (
				32DBCF980370C29C00C91783 /* PSMTabBarControl_Prefix.pch */,
			);
			name = "Other Sources";
			sourceTree = "<group>";
		};
		54D33B2406778DD400C9C163 /* Undo Support */ = {
			isa = PBXGroup;
			children = (
				54D33B2806778E3300C9C163 /* PSMTabBarControl.ibclassdescription */,
			);
			name = "Undo Support";
			sourceTree = "<group>";
		};
		54D33B2506778DF000C9C163 /* Classes */ = {
			isa = PBXGroup;
			children = (
				0259C57BFE90428111CA0C5A /* PSMTabBarControlInspector.h */,
				0259C577FE90428111CA0C5A /* PSMTabBarControlInspector.m */,
				0259C57CFE90428111CA0C5A /* PSMTabBarControlPalette.h */,
				0259C578FE90428111CA0C5A /* PSMTabBarControlPalette.m */,
			);
			name = Classes;
			sourceTree = "<group>";
		};
		54D33B2C06778E4400C9C163 /* Framework */ = {
			isa = PBXGroup;
			children = (
				0259C57AFE90428111CA0C5A /* PSMTabBarControl.h */,
				0259C576FE90428111CA0C5A /* PSMTabBarControl.m */,
				A251BE830959A1B90058BC7F /* PSMTabBarCell.h */,
				A251BE840959A1B90058BC7F /* PSMTabBarCell.m */,
				A2D32EDA09A634C900EC8662 /* PSMTabStyle.h */,
				A2D32EE609A6399300EC8662 /* PSMAquaTabStyle.h */,
				A2D32EE709A6399300EC8662 /* PSMAquaTabStyle.m */,
				A2D32EFE09A63D7A00EC8662 /* PSMMetalTabStyle.h */,
				A2D32EFF09A63D7A00EC8662 /* PSMMetalTabStyle.m */,
				A2D98B070A2B432C0064C6F8 /* PSMUnifiedTabStyle.h */,
				A2D98B080A2B432C0064C6F8 /* PSMUnifiedTabStyle.m */,
				A268EA5F09A9831800E082AA /* PSMRolloverButton.h */,
				A268EA6009A9831800E082AA /* PSMRolloverButton.m */,
				A251BE810959A1B90058BC7F /* PSMOverflowPopUpButton.h */,
				A251BE820959A1B90058BC7F /* PSMOverflowPopUpButton.m */,
				A2129BAF09AEB58F00724E6C /* PSMProgressIndicator.h */,
				A2129BB009AEB58F00724E6C /* PSMProgressIndicator.m */,
				A2082A8D09EAEB33009AC8BE /* PSMTabDragAssistant.h */,
				A2082A8E09EAEB33009AC8BE /* PSMTabDragAssistant.m */,
				A2D98B0F0A2B43FA0064C6F8 /* NSBezierPath_AMShading.h */,
				A2D98B100A2B43FA0064C6F8 /* NSBezierPath_AMShading.m */,
			);
			name = Framework;
			sourceTree = "<group>";
		};
		A246FADE0A2BD446005BDF7B /* Documentation */ = {
			isa = PBXGroup;
			children = (
				A246FB040A2BD6F9005BDF7B /* PSMTabBarControlDoc.html */,
			);
			name = Documentation;
			sourceTree = "<group>";
		};
		A251BE590959A0550058BC7F /* Demo App */ = {
			isa = PBXGroup;
			children = (
				A251BE890959A1EA0058BC7F /* AppController.h */,
				A251BE8A0959A1EA0058BC7F /* AppController.m */,
				A2A711BD09E5BF0500D0089B /* WindowController.h */,
				A2A711BE09E5BF0500D0089B /* WindowController.m */,
				A251BE8B0959A1EA0058BC7F /* FakeModel.h */,
				A251BE8C0959A1EA0058BC7F /* FakeModel.m */,
				A251BE8D0959A1EA0058BC7F /* main.m */,
			);
			name = "Demo App";
			sourceTree = "<group>";
		};
		A251BE8E0959A21A0058BC7F /* Images */ = {
			isa = PBXGroup;
			children = (
				A2C0D99309AF870000ED379C /* pi.png */,
				A2072B5C09AC1FA500304BCB /* Warning.png */,
				A2072A2409ABD88600304BCB /* Folder.tif */,
				A2072A2509ABD88600304BCB /* Globe.tiff */,
				A268E7F809A9822900E082AA /* AquaTabNew.png */,
				A268E7F909A9822900E082AA /* AquaTabNewPressed.png */,
				A268E7FA09A9822900E082AA /* AquaTabNewRollover.png */,
				A268E7FB09A9822900E082AA /* TabNewMetal.png */,
				523897F115BDA9AC00498A53 /* TabNewMetal@2x.png */,
				A268E7FC09A9822900E082AA /* TabNewMetalPressed.png */,
				523897F215BDA9AC00498A53 /* TabNewMetalPressed@2x.png */,
				A268E7FD09A9822900E082AA /* TabNewMetalRollover.png */,
				523897F315BDA9AC00498A53 /* TabNewMetalRollover@2x.png */,
				A269361009A778770006911E /* 32x32_log.tiff */,
				A2D3317A09A68B7500EC8662 /* AquaTabsDownGraphite.png */,
				A2D3317B09A68B7500EC8662 /* AquaTabsDownNonKey.png */,
				A2D32EF009A63BF700EC8662 /* AquaTabClose_Front_Pressed.tif */,
				A2D32EF109A63BF700EC8662 /* AquaTabClose_Front_Rollover.tif */,
				A2D32EF209A63BF700EC8662 /* AquaTabClose_Front.tif */,
				A2D32EF309A63BF700EC8662 /* AquaTabsBackground.png */,
				A2D32EF409A63BF700EC8662 /* AquaTabsDown.png */,
				A2D32EF509A63BF700EC8662 /* AquaTabsSeparator.png */,
				A2D32EF609A63BF700EC8662 /* AquaTabsSeparatorDown.png */,
				A251BE8F0959A23A0058BC7F /* 32x32cancel.png */,
				52C268CE15BDB72B0012FECA /* overflowImage.png */,
				52C0B9B215BDB7A9000C268F /* overflowImage@2x.png */,
				52C268CF15BDB72B0012FECA /* overflowImagePressed.png */,
				52C0B9B315BDB7A9000C268F /* overflowImagePressed@2x.png */,
				52A57C0C15BBA230003EC59C /* TabClose_Front.png */,
				523897F015BDA9AC00498A53 /* TabClose_Front@2x.png */,
				52A57C0D15BBA230003EC59C /* TabClose_Front_Pressed.png */,
				523897EE15BDA9AC00498A53 /* TabClose_Front_Pressed@2x.png */,
				52A57C0E15BBA230003EC59C /* TabClose_Front_Rollover.png */,
				523897EF15BDA9AC00498A53 /* TabClose_Front_Rollover@2x.png */,
			);
			name = Images;
			sourceTree = "<group>";
		};
/* End PBXGroup section */

/* Begin PBXHeadersBuildPhase section */
		53DF68F8067E5B5A0090B5B0 /* Headers */ = {
			isa = PBXHeadersBuildPhase;
			buildActionMask = 2147483647;
			files = (
				546DEAF2067F630E0098DCC4 /* PSMTabBarControl.h in Headers */,
				A251BE850959A1B90058BC7F /* PSMOverflowPopUpButton.h in Headers */,
				A251BE870959A1B90058BC7F /* PSMTabBarCell.h in Headers */,
				A2D32EDC09A634C900EC8662 /* PSMTabStyle.h in Headers */,
				A2D32EE809A6399300EC8662 /* PSMAquaTabStyle.h in Headers */,
				A2D32F0009A63D7A00EC8662 /* PSMMetalTabStyle.h in Headers */,
				A268EA6209A9831800E082AA /* PSMRolloverButton.h in Headers */,
				A2129BB209AEB58F00724E6C /* PSMProgressIndicator.h in Headers */,
				A2082A9009EAEB34009AC8BE /* PSMTabDragAssistant.h in Headers */,
				A2D98B0A0A2B432C0064C6F8 /* PSMUnifiedTabStyle.h in Headers */,
				A2D98B120A2B43FA0064C6F8 /* NSBezierPath_AMShading.h in Headers */,
			);
			runOnlyForDeploymentPostprocessing = 0;
		};
/* End PBXHeadersBuildPhase section */

/* Begin PBXNativeTarget section */
		53DF68FC067E5B5A0090B5B0 /* PSMTabBarControlFramework */ = {
			isa = PBXNativeTarget;
			buildConfigurationList = C056397F08A954F8003078D8 /* Build configuration list for PBXNativeTarget "PSMTabBarControlFramework" */;
			buildPhases = (
				53DF68F8067E5B5A0090B5B0 /* Headers */,
				53DF68F9067E5B5A0090B5B0 /* Resources */,
				53DF68FA067E5B5A0090B5B0 /* Sources */,
				53DF68FB067E5B5A0090B5B0 /* Frameworks */,
			);
			buildRules = (
			);
			dependencies = (
			);
			name = PSMTabBarControlFramework;
			productName = PSMTabBarControlFramework;
			productReference = 53DF68FD067E5B5A0090B5B0 /* PSMTabBarControl.framework */;
			productType = "com.apple.product-type.framework";
		};
/* End PBXNativeTarget section */

/* Begin PBXProject section */
		0259C573FE90428111CA0C5A /* Project object */ = {
			isa = PBXProject;
			buildConfigurationList = C056398B08A954F8003078D8 /* Build configuration list for PBXProject "PSMTabBarControl" */;
			compatibilityVersion = "Xcode 2.4";
			developmentRegion = English;
			hasScannedForEncodings = 1;
			knownRegions = (
				en,
			);
			mainGroup = 0259C574FE90428111CA0C5A /* PSMTabBarControl */;
			projectDirPath = "";
			projectRoot = "";
			targets = (
				53DF68FC067E5B5A0090B5B0 /* PSMTabBarControlFramework */,
				53DF6901067E5B8E0090B5B0 /* All */,
			);
		};
/* End PBXProject section */

/* Begin PBXResourcesBuildPhase section */
		53DF68F9067E5B5A0090B5B0 /* Resources */ = {
			isa = PBXResourcesBuildPhase;
			buildActionMask = 2147483647;
			files = (
				A2D32EF709A63BF700EC8662 /* AquaTabClose_Front_Pressed.tif in Resources */,
				A2D32EF809A63BF700EC8662 /* AquaTabClose_Front_Rollover.tif in Resources */,
				A2D32EF909A63BF700EC8662 /* AquaTabClose_Front.tif in Resources */,
				A2D32EFA09A63BF700EC8662 /* AquaTabsBackground.png in Resources */,
				A2D32EFB09A63BF700EC8662 /* AquaTabsDown.png in Resources */,
				A2D32EFC09A63BF700EC8662 /* AquaTabsSeparator.png in Resources */,
				A2D32EFD09A63BF700EC8662 /* AquaTabsSeparatorDown.png in Resources */,
				A2D3317C09A68B7500EC8662 /* AquaTabsDownGraphite.png in Resources */,
				A2D3317D09A68B7500EC8662 /* AquaTabsDownNonKey.png in Resources */,
				A268E80409A9822A00E082AA /* AquaTabNew.png in Resources */,
				A268E80509A9822A00E082AA /* AquaTabNewPressed.png in Resources */,
				A268E80609A9822A00E082AA /* AquaTabNewRollover.png in Resources */,
				A268E80709A9822A00E082AA /* TabNewMetal.png in Resources */,
				A268E80809A9822A00E082AA /* TabNewMetalPressed.png in Resources */,
				A268E80909A9822A00E082AA /* TabNewMetalRollover.png in Resources */,
				A2C0D99509AF870000ED379C /* pi.png in Resources */,
				A27E47850A28EE76007BA395 /* TabIcon.tif in Resources */,
				A27E47880A28EE7C007BA395 /* TabControlRep.tif in Resources */,
				52A57C0F15BBA230003EC59C /* TabClose_Front.png in Resources */,
				52A57C1015BBA230003EC59C /* TabClose_Front_Pressed.png in Resources */,
				52A57C1115BBA230003EC59C /* TabClose_Front_Rollover.png in Resources */,
				523897F415BDA9AC00498A53 /* TabClose_Front_Pressed@2x.png in Resources */,
				523897F515BDA9AC00498A53 /* TabClose_Front_Rollover@2x.png in Resources */,
				523897F615BDA9AC00498A53 /* TabClose_Front@2x.png in Resources */,
				523897F715BDA9AC00498A53 /* TabNewMetal@2x.png in Resources */,
				523897F815BDA9AC00498A53 /* TabNewMetalPressed@2x.png in Resources */,
				523897F915BDA9AC00498A53 /* TabNewMetalRollover@2x.png in Resources */,
				52C268D015BDB72B0012FECA /* overflowImage.png in Resources */,
				52C268D115BDB72B0012FECA /* overflowImagePressed.png in Resources */,
				52C0B9B415BDB7A9000C268F /* overflowImage@2x.png in Resources */,
				52C0B9B515BDB7A9000C268F /* overflowImagePressed@2x.png in Resources */,
			);
			runOnlyForDeploymentPostprocessing = 0;
		};
/* End PBXResourcesBuildPhase section */

/* Begin PBXSourcesBuildPhase section */
		53DF68FA067E5B5A0090B5B0 /* Sources */ = {
			isa = PBXSourcesBuildPhase;
			buildActionMask = 2147483647;
			files = (
				546DEAF1067F63070098DCC4 /* PSMTabBarControl.m in Sources */,
				A251BE860959A1B90058BC7F /* PSMOverflowPopUpButton.m in Sources */,
				A251BE880959A1B90058BC7F /* PSMTabBarCell.m in Sources */,
				A2D32EE909A6399300EC8662 /* PSMAquaTabStyle.m in Sources */,
				A2D32F0109A63D7A00EC8662 /* PSMMetalTabStyle.m in Sources */,
				A268EA6309A9831800E082AA /* PSMRolloverButton.m in Sources */,
				A2129BB309AEB58F00724E6C /* PSMProgressIndicator.m in Sources */,
				A2082A9109EAEB34009AC8BE /* PSMTabDragAssistant.m in Sources */,
				A2D98B0B0A2B432C0064C6F8 /* PSMUnifiedTabStyle.m in Sources */,
				A2D98B130A2B43FA0064C6F8 /* NSBezierPath_AMShading.m in Sources */,
			);
			runOnlyForDeploymentPostprocessing = 0;
		};
/* End PBXSourcesBuildPhase section */

/* Begin PBXTargetDependency section */
		53DF6905067E5B930090B5B0 /* PBXTargetDependency */ = {
			isa = PBXTargetDependency;
			target = 53DF68FC067E5B5A0090B5B0 /* PSMTabBarControlFramework */;
			targetProxy = 53DF6904067E5B930090B5B0 /* PBXContainerItemProxy */;
		};
/* End PBXTargetDependency section */

/* Begin PBXVariantGroup section */
		0259C57EFE90428111CA0C5A /* PSMTabBarControlInspector.nib */ = {
			isa = PBXVariantGroup;
			children = (
				0259C57FFE90428111CA0C5A /* English */,
			);
			name = PSMTabBarControlInspector.nib;
			sourceTree = "<group>";
		};
		0259C580FE90428111CA0C5A /* PSMTabBarControlPalette.nib */ = {
			isa = PBXVariantGroup;
			children = (
				0259C581FE90428111CA0C5A /* English */,
			);
			name = PSMTabBarControlPalette.nib;
			sourceTree = "<group>";
		};
		8D1AC97F0486D23B00FE50C9 /* InfoPlist.strings */ = {
			isa = PBXVariantGroup;
			children = (
				8D1AC97B0486D23100FE50C9 /* English */,
			);
			name = InfoPlist.strings;
			sourceTree = "<group>";
		};
		A251BEC20959BC0E0058BC7F /* MainMenu.nib */ = {
			isa = PBXVariantGroup;
			children = (
				A251BEC30959BC0E0058BC7F /* English */,
			);
			name = MainMenu.nib;
			sourceTree = "<group>";
		};
		A2A711B909E5AE1E00D0089B /* Window.nib */ = {
			isa = PBXVariantGroup;
			children = (
				A2A711BA09E5AE1E00D0089B /* English */,
			);
			name = Window.nib;
			sourceTree = "<group>";
		};
/* End PBXVariantGroup section */

/* Begin XCBuildConfiguration section */
		C056398008A954F8003078D8 /* Debug */ = {
			isa = XCBuildConfiguration;
			buildSettings = {
				ARCHS = "$(NATIVE_ARCH_ACTUAL)";
				COPY_PHASE_STRIP = NO;
				DYLIB_COMPATIBILITY_VERSION = 1;
				DYLIB_CURRENT_VERSION = 1;
				FRAMEWORK_VERSION = A;
				GCC_DYNAMIC_NO_PIC = NO;
				GCC_ENABLE_FIX_AND_CONTINUE = YES;
				GCC_MODEL_TUNING = G5;
				GCC_OPTIMIZATION_LEVEL = 0;
				GCC_PRECOMPILE_PREFIX_HEADER = YES;
				GCC_PREFIX_HEADER = "$(SYSTEM_LIBRARY_DIR)/Frameworks/AppKit.framework/Headers/AppKit.h";
				GCC_VERSION = "";
				INFOPLIST_FILE = "PSMTabBarControlFramework-Info.plist";
				INSTALL_PATH = "@executable_path/../Frameworks";
				ONLY_ACTIVE_ARCH = YES;
				OTHER_LDFLAGS = "";
				PRODUCT_NAME = PSMTabBarControl;
				SYMROOT = ../build;
				ZERO_LINK = NO;
			};
			name = Debug;
		};
		C056398108A954F8003078D8 /* Release */ = {
			isa = XCBuildConfiguration;
			buildSettings = {
				ARCHS = "$(NATIVE_ARCH_ACTUAL)";
				DYLIB_COMPATIBILITY_VERSION = 1;
				DYLIB_CURRENT_VERSION = 1;
				FRAMEWORK_VERSION = A;
				GCC_GENERATE_DEBUGGING_SYMBOLS = NO;
				GCC_MODEL_TUNING = G5;
				GCC_PRECOMPILE_PREFIX_HEADER = YES;
				GCC_PREFIX_HEADER = "$(SYSTEM_LIBRARY_DIR)/Frameworks/AppKit.framework/Headers/AppKit.h";
				GCC_VERSION = "";
				INFOPLIST_FILE = "PSMTabBarControlFramework-Info.plist";
				INSTALL_PATH = "@executable_path/../Frameworks";
				ONLY_ACTIVE_ARCH = YES;
				OTHER_LDFLAGS = "";
				PRODUCT_NAME = PSMTabBarControl;
				SYMROOT = ../build;
			};
			name = Release;
		};
		C056398808A954F8003078D8 /* Debug */ = {
			isa = XCBuildConfiguration;
			buildSettings = {
				COPY_PHASE_STRIP = NO;
				GCC_DYNAMIC_NO_PIC = NO;
				GCC_ENABLE_FIX_AND_CONTINUE = YES;
				GCC_MODEL_TUNING = G5;
				GCC_OPTIMIZATION_LEVEL = 0;
				PRODUCT_NAME = All;
				WARNING_CFLAGS = (
					"-Wmost",
					"-Wno-four-char-constants",
					"-Wno-unknown-pragmas",
				);
				ZERO_LINK = YES;
			};
			name = Debug;
		};
		C056398908A954F8003078D8 /* Release */ = {
			isa = XCBuildConfiguration;
			buildSettings = {
				ARCHS = (
					ppc,
					i386,
				);
				GCC_GENERATE_DEBUGGING_SYMBOLS = NO;
				GCC_MODEL_TUNING = G5;
				PRODUCT_NAME = All;
				WARNING_CFLAGS = (
					"-Wmost",
					"-Wno-four-char-constants",
					"-Wno-unknown-pragmas",
				);
			};
			name = Release;
		};
		C056398C08A954F8003078D8 /* Debug */ = {
			isa = XCBuildConfiguration;
			buildSettings = {
				ARCHS = "$(NATIVE_ARCH_ACTUAL)";
				GCC_WARN_ABOUT_RETURN_TYPE = YES;
				GCC_WARN_UNUSED_VARIABLE = YES;
				ONLY_ACTIVE_ARCH = YES;
				PREBINDING = NO;
				SYMROOT = ../build;
			};
			name = Debug;
		};
		C056398D08A954F8003078D8 /* Release */ = {
			isa = XCBuildConfiguration;
			buildSettings = {
				ARCHS = "$(NATIVE_ARCH_ACTUAL)";
				GCC_WARN_ABOUT_RETURN_TYPE = YES;
				GCC_WARN_UNUSED_VARIABLE = YES;
				ONLY_ACTIVE_ARCH = YES;
				PREBINDING = NO;
				SYMROOT = ../build;
			};
			name = Release;
		};
/* End XCBuildConfiguration section */

/* Begin XCConfigurationList section */
		C056397F08A954F8003078D8 /* Build configuration list for PBXNativeTarget "PSMTabBarControlFramework" */ = {
			isa = XCConfigurationList;
			buildConfigurations = (
				C056398008A954F8003078D8 /* Debug */,
				C056398108A954F8003078D8 /* Release */,
			);
			defaultConfigurationIsVisible = 0;
			defaultConfigurationName = Release;
		};
		C056398708A954F8003078D8 /* Build configuration list for PBXAggregateTarget "All" */ = {
			isa = XCConfigurationList;
			buildConfigurations = (
				C056398808A954F8003078D8 /* Debug */,
				C056398908A954F8003078D8 /* Release */,
			);
			defaultConfigurationIsVisible = 0;
			defaultConfigurationName = Release;
		};
		C056398B08A954F8003078D8 /* Build configuration list for PBXProject "PSMTabBarControl" */ = {
			isa = XCConfigurationList;
			buildConfigurations = (
				C056398C08A954F8003078D8 /* Debug */,
				C056398D08A954F8003078D8 /* Release */,
			);
			defaultConfigurationIsVisible = 0;
			defaultConfigurationName = Release;
		};
/* End XCConfigurationList section */
	};
	rootObject = 0259C573FE90428111CA0C5A /* Project object */;
}
